
Microsoft Visual Studio Solution File, Format Version 12.00
# Visual Studio Version 16
VisualStudioVersion = 16.0.29418.71
MinimumVisualStudioVersion = 10.0.40219.1
Project("{9A19103F-16F7-4668-BE54-9A1E7A4F7556}") = "DotnetLambda21", "DotnetLambda21\DotnetLambda21.csproj", "{C59CEB4D-E602-4B99-A690-4335276A974D}"
EndProject
Project("{9A19103F-16F7-4668-BE54-9A1E7A4F7556}") = "DotnetLambda21.Tests", "DotnetLambda21.Tests\DotnetLambda21.Tests.csproj", "{6BB6C927-1B2D-4237-A0E5-B8B3C6F7C556}"
EndProject
Project("{2150E333-8FDC-42A3-9474-1A3956D46DE8}") = "Dotnet21", "Dotnet21", "{429317CA-F931-4EA7-AD72-65ED51B24738}"
EndProject
Project("{9A19103F-16F7-4668-BE54-9A1E7A4F7556}") = "DotnetLambda21WithEf", "DotnetLambda21WithEf\DotnetLambda21WithEf.csproj", "{81781206-62AC-4D4A-AC71-63B27535216C}"
EndProject
Project("{9A19103F-16F7-4668-BE54-9A1E7A4F7556}") = "DotnetLambda21WithEf.Tests", "DotnetLambda21WithEf.Tests\DotnetLambda21WithEf.Tests.csproj", "{69330C63-41BA-4A93-A0E6-7837D1E74548}"
EndProject
Project("{2150E333-8FDC-42A3-9474-1A3956D46DE8}") = "Dotnet21WithEf", "Dotnet21WithEf", "{133E8B42-A245-4D71-AC00-1DD3816E8EBB}"
EndProject
Project("{2150E333-8FDC-42A3-9474-1A3956D46DE8}") = "Dotnet30WithEf", "Dotnet30WithEf", "{06B03D05-0F94-4AB7-A0E5-0F553945867B}"
EndProject
Project("{9A19103F-16F7-4668-BE54-9A1E7A4F7556}") = "DotnetLambda30WithEf", "DotnetLambda30WithEf\DotnetLambda30WithEf.csproj", "{998799F0-F1F3-4269-9E24-363A2BB4286D}"
EndProject
Project("{9A19103F-16F7-4668-BE54-9A1E7A4F7556}") = "DotnetLambda30WithEf.Tests", "DotnetLambda30WithEf.Tests\DotnetLambda30WithEf.Tests.csproj", "{7AAF75CE-B5D5-4815-98DF-61EAE1DB2446}"
EndProject
Project("{9A19103F-16F7-4668-BE54-9A1E7A4F7556}") = "DotnetLambda30WithEf.Host", "DotnetLambda30WithEf.Host\DotnetLambda30WithEf.Host.csproj", "{CA1D1154-0591-469E-875B-55796191A440}"
EndProject
Project("{FAE04EC0-301F-11D3-BF4B-00C04F79EFBC}") = "DotnetLambda21WithEf.Host", "DotnetLambda21WithEf.Host\DotnetLambda21WithEf.Host.csproj", "{5E83A54B-3B5A-4537-A12F-697362A595B4}"
EndProject
Global
	GlobalSection(SolutionConfigurationPlatforms) = preSolution
		Debug|Any CPU = Debug|Any CPU
		Release|Any CPU = Release|Any CPU
	EndGlobalSection
	GlobalSection(ProjectConfigurationPlatforms) = postSolution
		{C59CEB4D-E602-4B99-A690-4335276A974D}.Debug|Any CPU.ActiveCfg = Debug|Any CPU
		{C59CEB4D-E602-4B99-A690-4335276A974D}.Debug|Any CPU.Build.0 = Debug|Any CPU
		{C59CEB4D-E602-4B99-A690-4335276A974D}.Release|Any CPU.ActiveCfg = Release|Any CPU
		{C59CEB4D-E602-4B99-A690-4335276A974D}.Release|Any CPU.Build.0 = Release|Any CPU
		{6BB6C927-1B2D-4237-A0E5-B8B3C6F7C556}.Debug|Any CPU.ActiveCfg = Debug|Any CPU
		{6BB6C927-1B2D-4237-A0E5-B8B3C6F7C556}.Debug|Any CPU.Build.0 = Debug|Any CPU
		{6BB6C927-1B2D-4237-A0E5-B8B3C6F7C556}.Release|Any CPU.ActiveCfg = Release|Any CPU
		{6BB6C927-1B2D-4237-A0E5-B8B3C6F7C556}.Release|Any CPU.Build.0 = Release|Any CPU
		{81781206-62AC-4D4A-AC71-63B27535216C}.Debug|Any CPU.ActiveCfg = Debug|Any CPU
		{81781206-62AC-4D4A-AC71-63B27535216C}.Debug|Any CPU.Build.0 = Debug|Any CPU
		{81781206-62AC-4D4A-AC71-63B27535216C}.Release|Any CPU.ActiveCfg = Release|Any CPU
		{81781206-62AC-4D4A-AC71-63B27535216C}.Release|Any CPU.Build.0 = Release|Any CPU
		{69330C63-41BA-4A93-A0E6-7837D1E74548}.Debug|Any CPU.ActiveCfg = Debug|Any CPU
		{69330C63-41BA-4A93-A0E6-7837D1E74548}.Debug|Any CPU.Build.0 = Debug|Any CPU
		{69330C63-41BA-4A93-A0E6-7837D1E74548}.Release|Any CPU.ActiveCfg = Release|Any CPU
		{69330C63-41BA-4A93-A0E6-7837D1E74548}.Release|Any CPU.Build.0 = Release|Any CPU
		{998799F0-F1F3-4269-9E24-363A2BB4286D}.Debug|Any CPU.ActiveCfg = Debug|Any CPU
		{998799F0-F1F3-4269-9E24-363A2BB4286D}.Debug|Any CPU.Build.0 = Debug|Any CPU
		{998799F0-F1F3-4269-9E24-363A2BB4286D}.Release|Any CPU.ActiveCfg = Release|Any CPU
		{998799F0-F1F3-4269-9E24-363A2BB4286D}.Release|Any CPU.Build.0 = Release|Any CPU
		{7AAF75CE-B5D5-4815-98DF-61EAE1DB2446}.Debug|Any CPU.ActiveCfg = Debug|Any CPU
		{7AAF75CE-B5D5-4815-98DF-61EAE1DB2446}.Debug|Any CPU.Build.0 = Debug|Any CPU
		{7AAF75CE-B5D5-4815-98DF-61EAE1DB2446}.Release|Any CPU.ActiveCfg = Release|Any CPU
		{7AAF75CE-B5D5-4815-98DF-61EAE1DB2446}.Release|Any CPU.Build.0 = Release|Any CPU
		{CA1D1154-0591-469E-875B-55796191A440}.Debug|Any CPU.ActiveCfg = Debug|Any CPU
		{CA1D1154-0591-469E-875B-55796191A440}.Debug|Any CPU.Build.0 = Debug|Any CPU
		{CA1D1154-0591-469E-875B-55796191A440}.Release|Any CPU.ActiveCfg = Release|Any CPU
		{CA1D1154-0591-469E-875B-55796191A440}.Release|Any CPU.Build.0 = Release|Any CPU
		{5E83A54B-3B5A-4537-A12F-697362A595B4}.Debug|Any CPU.ActiveCfg = Debug|Any CPU
		{5E83A54B-3B5A-4537-A12F-697362A595B4}.Debug|Any CPU.Build.0 = Debug|Any CPU
		{5E83A54B-3B5A-4537-A12F-697362A595B4}.Release|Any CPU.ActiveCfg = Release|Any CPU
		{5E83A54B-3B5A-4537-A12F-697362A595B4}.Release|Any CPU.Build.0 = Release|Any CPU
	EndGlobalSection
	GlobalSection(SolutionProperties) = preSolution
		HideSolutionNode = FALSE
	EndGlobalSection
	GlobalSection(NestedProjects) = preSolution
		{C59CEB4D-E602-4B99-A690-4335276A974D} = {429317CA-F931-4EA7-AD72-65ED51B24738}
		{6BB6C927-1B2D-4237-A0E5-B8B3C6F7C556} = {429317CA-F931-4EA7-AD72-65ED51B24738}
		{81781206-62AC-4D4A-AC71-63B27535216C} = {133E8B42-A245-4D71-AC00-1DD3816E8EBB}
		{69330C63-41BA-4A93-A0E6-7837D1E74548} = {133E8B42-A245-4D71-AC00-1DD3816E8EBB}
		{998799F0-F1F3-4269-9E24-363A2BB4286D} = {06B03D05-0F94-4AB7-A0E5-0F553945867B}
		{7AAF75CE-B5D5-4815-98DF-61EAE1DB2446} = {06B03D05-0F94-4AB7-A0E5-0F553945867B}
		{CA1D1154-0591-469E-875B-55796191A440} = {06B03D05-0F94-4AB7-A0E5-0F553945867B}
		{5E83A54B-3B5A-4537-A12F-697362A595B4} = {133E8B42-A245-4D71-AC00-1DD3816E8EBB}
	EndGlobalSection
	GlobalSection(ExtensibilityGlobals) = postSolution
		SolutionGuid = {08FA4EF4-628B-4EC0-81CF-F6019937E1C8}
	EndGlobalSection
EndGlobal
